{
  "name": "tem-de-tudo-root",
  "version": "1.0.0",
  "lockfileVersion": 3,
  "requires": true,
  "packages": {
    "": {
      "name": "tem-de-tudo-root",
      "version": "1.0.0",
      "license": "ISC",
      "scripts": {
        "postinstall": "npm --prefix backend/api install",
        "start": "npm --prefix backend/api start"
      }
    }
  }
}
